{"format_version":"1.0","provider_schemas":{"registry.terraform.io/coder/coderd":{"provider":{"version":0,"block":{"attributes":{"default_organization_id":{"type":"string","description":"Default organization ID to use when creating resources. Defaults to the first organization the token has access to.","description_kind":"markdown","optional":true},"headers":{"type":["map","string"],"description":"Additional HTTP headers to include in all API requests. Provide as a map of header names to values. For example, set `X-Coder-Bypass-Ratelimit` to `\"true\"` to bypass rate limits (requires Owner role). Can also be specified with the `CODER_HEADER` environment variable as comma-separated `key=value` pairs (CSV format, matching the coder CLI).","description_kind":"markdown","optional":true},"token":{"type":"string","description":"API token for communicating with the deployment. Most resource types require elevated permissions. Defaults to `$CODER_SESSION_TOKEN`.","description_kind":"markdown","optional":true},"url":{"type":"string","description":"URL to the Coder deployment. Defaults to `$CODER_URL`.","description_kind":"markdown","optional":true}},"description":"\nThe coderd provider can be used to manage resources on a Coder deployment. The provider exposes resources and data sources for users, groups, templates, and workspace proxies.\n\n~\u003e **Warning**\nThis provider is only compatible with Coder version [2.10.1](https://github.com/coder/coder/releases/tag/v2.10.1) and later.\n","description_kind":"markdown"}},"resource_schemas":{"coderd_agents_default_model":{"version":0,"block":{"attributes":{"id":{"type":"string","description":"Organization ID that identifies this organization's default Agents model selection.","description_kind":"markdown","computed":true},"model_id":{"type":"string","description":"ID of the `coderd_agents_model` to mark as the organization's default. Usually this is `coderd_agents_model.\u003cname\u003e.id`.","description_kind":"markdown","required":true},"organization_id":{"type":"string","description":"Organization ID whose default Agents model is managed.","description_kind":"markdown","required":true}},"description":"~\u003e This resource is experimental. Changes are expected, and it is not recommended for production use.\n\n~\u003e **Warning**\nThis resource is only compatible with Coder version [2.37.0](https://github.com/coder/coder/releases/tag/v2.37.0) and later.\n\nSelects which `coderd_agents_model` is the default chat model for Coder Agents in an organization.\n\nCoder enforces a single default model per organization: marking a model as default automatically demotes the previous default in the same operation. Only one `coderd_agents_default_model` resource should exist per organization.\n\nDestroying this resource does not clear the default server-side. Coder requires a default once models exist and promotes a replacement when the current default is removed, so deleting this resource only stops Terraform from managing which model is default.","description_kind":"markdown"}},"coderd_agents_mcp_server":{"version":0,"block":{"attributes":{"allow_in_plan_mode":{"type":"bool","description":"Whether tools from this server are available in plan mode. Defaults to false.","description_kind":"markdown","optional":true,"computed":true},"api_key_header":{"type":"string","description":"HTTP header used for API key authentication. It must be configured when creating a server with `auth_type = \"api_key\"` or changing its auth type to it.","description_kind":"markdown","optional":true,"computed":true},"api_key_value_wo":{"type":"string","description":"API key value. Bump `api_key_value_wo_version` to rotate it.","description_kind":"markdown","optional":true,"sensitive":true},"api_key_value_wo_version":{"type":"number","description":"Version for the write-only API key value. Bump it whenever the value changes.","description_kind":"markdown","optional":true},"auth_type":{"type":"string","description":"Authentication type. Valid values are `none`, `oauth2`, `api_key`, `custom_headers`, and `user_oidc`. Defaults to `none`. Changing this value invalidates users' stored OAuth tokens and clears secrets for the previous authentication type.","description_kind":"markdown","optional":true,"computed":true},"availability":{"type":"string","description":"Availability policy. Valid values are `force_on`, `default_on`, and `default_off`. Defaults to `default_off`.","description_kind":"markdown","optional":true,"computed":true},"created_at":{"type":"number","description":"Unix timestamp when the MCP server configuration was created.","description_kind":"markdown","computed":true},"custom_headers_wo":{"type":["map","string"],"description":"HTTP headers used for custom header authentication. Bump `custom_headers_wo_version` to replace them.","description_kind":"markdown","optional":true,"sensitive":true},"custom_headers_wo_version":{"type":"number","description":"Version for the write-only custom headers. Bump it whenever the map changes.","description_kind":"markdown","optional":true},"description":{"type":"string","description":"Description shown in Coder.","description_kind":"markdown","optional":true,"computed":true},"display_name":{"type":"string","description":"Display name shown in Coder.","description_kind":"markdown","required":true},"enabled":{"type":"bool","description":"Whether the MCP server is enabled. Defaults to false.","description_kind":"markdown","optional":true,"computed":true},"forward_coder_headers":{"type":"bool","description":"Whether Coder identity headers are forwarded to the MCP server. Defaults to false.","description_kind":"markdown","optional":true,"computed":true},"icon_url":{"type":"string","description":"Icon URL shown in Coder.","description_kind":"markdown","optional":true,"computed":true},"id":{"type":"string","description":"MCP server configuration ID.","description_kind":"markdown","computed":true},"model_intent":{"type":"bool","description":"Whether the model may select this MCP server based on intent. Defaults to false.","description_kind":"markdown","optional":true,"computed":true},"oauth2_auth_url":{"type":"string","description":"OAuth2 authorization URL. It can be populated by server-side discovery.","description_kind":"markdown","optional":true,"computed":true},"oauth2_client_id":{"type":"string","description":"OAuth2 client ID. Leave this, `oauth2_auth_url`, and `oauth2_token_url` unset at creation to use OAuth discovery and dynamic client registration; switching an existing server back to discovery requires replacing the resource. Changing it invalidates users' stored OAuth tokens.","description_kind":"markdown","optional":true,"computed":true},"oauth2_client_secret_wo":{"type":"string","description":"OAuth2 client secret. Bump `oauth2_client_secret_wo_version` to rotate it.","description_kind":"markdown","optional":true,"sensitive":true},"oauth2_client_secret_wo_version":{"type":"number","description":"Version for the write-only OAuth2 client secret. Bump it whenever the secret changes.","description_kind":"markdown","optional":true},"oauth2_revocation_url":{"type":"string","description":"OAuth2 token revocation URL. It can be populated by server-side discovery. Changing it invalidates users' stored OAuth tokens.","description_kind":"markdown","optional":true,"computed":true},"oauth2_scopes":{"type":"string","description":"Space-separated OAuth2 scopes.","description_kind":"markdown","optional":true,"computed":true},"oauth2_token_url":{"type":"string","description":"OAuth2 token URL. It can be populated by server-side discovery. Changing it invalidates users' stored OAuth tokens.","description_kind":"markdown","optional":true,"computed":true},"organization_id":{"type":"string","description":"Organization ID that owns the MCP server configuration. Defaults to the provider default organization ID.","description_kind":"markdown","optional":true,"computed":true},"slug":{"type":"string","description":"Organization-unique slug for the MCP server. The slug can be updated in place.","description_kind":"markdown","required":true},"tool_allow_list":{"type":["set","string"],"description":"Tool names that are allowed. An empty set allows all tools unless denied.","description_kind":"markdown","optional":true,"computed":true},"tool_deny_list":{"type":["set","string"],"description":"Tool names that are denied.","description_kind":"markdown","optional":true,"computed":true},"transport":{"type":"string","description":"MCP transport. Valid values are `streamable_http` and `sse`. Defaults to `streamable_http`.","description_kind":"markdown","optional":true,"computed":true},"updated_at":{"type":"number","description":"Unix timestamp when the MCP server configuration was last updated.","description_kind":"markdown","computed":true},"url":{"type":"string","description":"MCP server URL. Changing this value invalidates users' stored OAuth tokens.","description_kind":"markdown","required":true}},"description":"~\u003e This resource is experimental. Changes are expected, and it is not recommended for production use.\n\n~\u003e **Warning**\nThis resource is only compatible with Coder version [2.37.0](https://github.com/coder/coder/releases/tag/v2.37.0) and later.\n\n-\u003e `_wo` attributes are [write-only](https://developer.hashicorp.com/terraform/language/resources/ephemeral#write-only-arguments): their values are sent to Coder but never stored in Terraform state. This resource therefore requires Terraform 1.11 or later.\n\nConfigures an organization-scoped MCP server for Coder Agents. Import IDs use `\u003corganization-name\u003e/\u003cslug\u003e`. Changing `url`, `auth_type`, `oauth2_token_url`, `oauth2_revocation_url`, or `oauth2_client_id` invalidates users' stored OAuth tokens.\n\nCoder runs OAuth2 discovery and dynamic client registration only when a server is created with `auth_type = \"oauth2\"` and no manual endpoints; updates never re-run discovery. To switch an existing server from manual OAuth2 configuration back to discovery, replace the resource (for example with `terraform apply -replace`). Removing the manual OAuth2 attributes from configuration leaves the stored values unmanaged rather than clearing them.","description_kind":"markdown"}},"coderd_agents_model":{"version":0,"block":{"attributes":{"ai_provider_id":{"type":"string","description":"AI provider ID that backs this model. Usually this is `coderd_ai_provider.\u003cname\u003e.id`. Updating it re-derives the read-only `provider_type` from the referenced provider.","description_kind":"markdown","required":true},"compression_threshold":{"type":"number","description":"Percentage of the context window at which Coder should compact chat context. Defaults to 70 and must be between 0 and 100.","description_kind":"markdown","optional":true,"computed":true},"context_limit":{"type":"number","description":"Maximum context window for this model. Must be greater than zero.","description_kind":"markdown","required":true},"created_at":{"type":"number","description":"Creation timestamp as Unix seconds.","description_kind":"markdown","computed":true},"display_name":{"type":"string","description":"Display name shown in Coder.","description_kind":"markdown","optional":true,"computed":true},"enabled":{"type":"bool","description":"Whether this model configuration is enabled. Defaults to true.","description_kind":"markdown","optional":true,"computed":true},"id":{"type":"string","description":"Agents model configuration ID.","description_kind":"markdown","computed":true},"model":{"type":"string","description":"Model identifier to use with the referenced provider.","description_kind":"markdown","required":true},"model_config":{"type":"string","description":"Optional JSON blob of per-call tuning for the model, such as `max_output_tokens`, `temperature`, `top_p`, and `provider_options`. See the field reference (including per-provider `provider_options`) at https://pkg.go.dev/github.com/coder/coder/v2/codersdk#ChatModelCallConfig.","description_kind":"markdown","optional":true},"organization_id":{"type":"string","description":"Organization ID that owns the Agents model configuration. Defaults to the provider default organization ID.","description_kind":"markdown","optional":true,"computed":true},"provider_type":{"type":"string","description":"Provider type derived by Coder from `ai_provider_id`, for example `openai`, `anthropic`, or `bedrock`.","description_kind":"markdown","computed":true},"updated_at":{"type":"number","description":"Last update timestamp as Unix seconds.","description_kind":"markdown","computed":true}},"description":"~\u003e This resource is experimental. Changes are to be expected, and we recommend using it with caution in production environments.\n\n~\u003e **Warning**\nThis resource is only compatible with Coder version [2.37.0](https://github.com/coder/coder/releases/tag/v2.37.0) and later.\n\nConfigures an organization-scoped, admin-managed chat model for Coder Agents, binding a model identifier to a configured AI provider (see `coderd_ai_provider`) along with context, compression, and optional JSON tuning settings. Import IDs use `\u003corganization-name\u003e/\u003cid\u003e`.","description_kind":"markdown"}},"coderd_agents_system_prompt":{"version":0,"block":{"attributes":{"include_default_system_prompt":{"type":"bool","description":"Whether the custom prompt is appended to Coder's built-in system prompt (`true`, the default) or replaces it entirely (`false`).","description_kind":"markdown","optional":true,"computed":true},"system_prompt":{"type":"string","description":"The custom system prompt text, typically `file(\"${path.module}/system-prompt.md\")`. Limited to 128 KiB after sanitization.","description_kind":"markdown","required":true}},"description":"~\u003e This resource is experimental. Changes are to be expected, and we recommend using it with caution in production environments.\n\nThe deployment-wide chat system prompt for Coder Agents (`Settings → Instructions` in the dashboard).\n\nThis is a deployment-wide singleton. Declare it once; duplicate resources silently overwrite each other.\n\nCoder sanitizes the stored prompt (strips invisible Unicode characters, normalizes line endings, collapses runs of blank lines, and trims surrounding whitespace), and this resource compares values the same way, so a trailing newline from `file(...)` does not cause drift after apply. On the first plan after an import, a configured value that differs from the live one only by sanitization shows a single in-place normalization update and then converges; use `trimspace(file(...))` to avoid even that.\n\n~\u003e **Warning**\nIf a system prompt was configured out of band, `terraform import` this resource before the first apply. Otherwise Terraform overwrites the live value; a plan-time warning is emitted when this is about to happen.\n\n~\u003e **Warning**\n`terraform destroy` resets the prompt to empty and `include_default_system_prompt` to `true`, the defaults of a never-configured deployment. The API has no delete operation for this setting.\n\n~\u003e **Warning**\nThis resource requires Coder version [2.37.0](https://github.com/coder/coder/releases/tag/v2.37.0) or later, and a token with site-wide `owner` permissions.\n","description_kind":"markdown"}},"coderd_ai_provider":{"version":0,"block":{"attributes":{"api_key_masked":{"type":"string","description":"Masked API key value returned by Coder for display only.","description_kind":"markdown","computed":true},"api_key_wo":{"type":"string","description":"Plaintext API key for the provider. Not valid for `bedrock` or `copilot`, or when `settings.bedrock` is set. Bump `api_key_wo_version` to rotate it.","description_kind":"markdown","optional":true,"sensitive":true},"api_key_wo_version":{"type":"number","description":"Version for the write-only API key. Required when `api_key_wo` is set; bump it whenever `api_key_wo` changes to rotate the stored key.","description_kind":"markdown","optional":true},"base_url":{"type":"string","description":"Absolute HTTP(S) base URL for the upstream provider endpoint.","description_kind":"markdown","required":true},"created_at":{"type":"number","description":"Creation timestamp as Unix seconds.","description_kind":"markdown","computed":true},"display_name":{"type":"string","description":"Display name shown in Coder. If omitted, defaults to the provider name.","description_kind":"markdown","optional":true,"computed":true},"enabled":{"type":"bool","description":"Whether this AI provider is enabled. Defaults to true.","description_kind":"markdown","optional":true,"computed":true},"id":{"type":"string","description":"AI provider ID.","description_kind":"markdown","computed":true},"name":{"type":"string","description":"Unique provider name. Must be lowercase alphanumeric words separated by hyphens.","description_kind":"markdown","required":true},"settings":{"nested_type":{"attributes":{"bedrock":{"nested_type":{"attributes":{"access_key_secret_wo":{"type":"string","description":"AWS secret access key for Bedrock.","description_kind":"markdown","optional":true,"sensitive":true},"access_key_wo":{"type":"string","description":"AWS access key ID for Bedrock. See [Coder's Amazon Bedrock provider docs](https://coder.com/docs/ai-coder/ai-gateway/providers#amazon-bedrock).","description_kind":"markdown","optional":true,"sensitive":true},"credentials_wo_version":{"type":"number","description":"Version for Bedrock write-only credentials. Bump this value to send, rotate, or clear credentials.","description_kind":"markdown","optional":true},"external_id":{"type":"string","description":"STS external ID the server generates and sends on the AssumeRole call when `role_arn` is set. Reference it in the assumed role's trust policy `sts:ExternalId` condition. Null until `role_arn` is first configured; stable afterwards. Requires Coder v2.36.0 or later.","description_kind":"markdown","computed":true},"model":{"type":"string","description":"Primary Bedrock model identifier.","description_kind":"markdown","optional":true,"computed":true},"protocol":{"type":"string","description":"Bedrock wire protocol. `\"invoke-model\"` (default) translates the native Messages request into Bedrock's InvokeModel format and requires `model` and `small_fast_model`. `\"mantle\"` forwards the native Messages request body unchanged with AWS SigV4 signing and passes through the client's model; requires `region` (the Mantle base URL is not a canonical Bedrock URL, so the region is never derived from `base_url`). Requires Coder v2.36.0 or later for the Mantle protocol. Omit (or set to `\"invoke-model\"`) to use the default. Removing the attribute clears it back to the default; Coder maps an empty value to `\"invoke-model\"`.","description_kind":"markdown","optional":true},"region":{"type":"string","description":"AWS region for Bedrock. If omitted, derived from the canonical Bedrock `base_url` attribute.","description_kind":"markdown","optional":true,"computed":true},"role_arn":{"type":"string","description":"ARN of an AWS IAM role to assume via STS before calling Bedrock. The base identity (the AWS SDK default credential chain or the static credentials) signs the AssumeRole call, and the temporary credentials sign Bedrock requests. Omit to call Bedrock with the base identity directly. Requires Coder v2.35.0 or later.","description_kind":"markdown","optional":true},"small_fast_model":{"type":"string","description":"Small/fast Bedrock model identifier used for background tasks.","description_kind":"markdown","optional":true,"computed":true}},"nesting_mode":"single"},"description":"AWS Bedrock settings. Valid only for `type = \"bedrock\"` or `type = \"anthropic\"`.","description_kind":"markdown","optional":true}},"nesting_mode":"single"},"description":"Type-specific provider settings.","description_kind":"markdown","optional":true},"type":{"type":"string","description":"AI provider type. Valid values are `openai`, `anthropic`, `azure`, `bedrock`, `google`, `openai-compat`, `openrouter`, `vercel`, and `copilot`.","description_kind":"markdown","required":true},"updated_at":{"type":"number","description":"Last update timestamp as Unix seconds.","description_kind":"markdown","computed":true}},"description":"~\u003e This resource is experimental. Changes are expected, and it is not recommended for production use.\n\n-\u003e `_wo` attributes are [write-only](https://developer.hashicorp.com/terraform/language/resources/ephemeral#write-only-arguments): their values are sent to Coder but never stored in Terraform state. This resource therefore requires Terraform 1.11 or later.\n\nConfigures an AI Provider for use with Coder's AI Gateway \u0026 Coder Agents.\n\nFor `type = \"bedrock\"`, omit `settings.bedrock.access_key_wo` and `settings.bedrock.access_key_secret_wo` to use the AWS SDK default credential chain as resolved by the Coder server process (IAM role, IRSA, environment variables, shared config, SSO, IMDS, and more). Set both together to use static IAM-user credentials.","description_kind":"markdown"}},"coderd_group":{"version":0,"block":{"attributes":{"avatar_url":{"type":"string","description":"The URL of the group's avatar.","description_kind":"markdown","optional":true,"computed":true},"display_name":{"type":"string","description":"The display name of the group. Defaults to the group name.","description_kind":"markdown","optional":true,"computed":true},"id":{"type":"string","description":"Group ID.","description_kind":"markdown","computed":true},"members":{"type":["set","string"],"description":"Members of the group, by ID. If `null`, members will not be added or removed by Terraform. To have a group resource with unmanaged members, but be able to read the members in Terraform, use `data.coderd_group`","description_kind":"markdown","optional":true},"name":{"type":"string","description":"The unique name of the group.","description_kind":"markdown","required":true},"organization_id":{"type":"string","description":"The organization ID that the group belongs to. Defaults to the provider default organization ID.","description_kind":"markdown","optional":true,"computed":true},"quota_allowance":{"type":"number","description":"The number of quota credits to allocate to each user in the group.","description_kind":"markdown","optional":true,"computed":true}},"description":"A group on the Coder deployment.\n\nCreating groups requires an Enterprise license.","description_kind":"markdown"}},"coderd_license":{"version":0,"block":{"attributes":{"expires_at":{"type":"number","description":"Unix timestamp of when the license expires.","description_kind":"markdown","computed":true},"id":{"type":"number","description":"Integer ID of the license.","description_kind":"markdown","computed":true},"license":{"type":"string","description":"A license key for Coder.","description_kind":"markdown","required":true,"sensitive":true}},"description":"A license for a Coder deployment.\n\nIt's recommended to set [`create_before_destroy`](https://developer.hashicorp.com/terraform/language/meta-arguments/lifecycle#create_before_destroy) on license resources. Without setting this, Terraform will remove the old license before adding the updated license. This will result in a temporary disruption to your users; during which they may be unable to use features that require a license.\n\nTerraform does not guarantee this resource will be created before other resources or attributes that require a licensed deployment. The `depends_on` meta-argument is instead recommended.","description_kind":"markdown"}},"coderd_oauth2_provider_settings":{"version":0,"block":{"attributes":{"dynamic_client_registration_enabled":{"type":"bool","description":"Whether OAuth2 Dynamic Client Registration ([RFC 7591](https://datatracker.ietf.org/doc/html/rfc7591)) is enabled for the deployment. When disabled, `POST /oauth2/register` is rejected and the `registration_endpoint` is omitted from the authorization server metadata document.","description_kind":"markdown","required":true}},"description":"Deployment-wide OAuth2 provider settings.\n\nThis is a deployment-wide singleton. Declare it once; duplicate resources silently overwrite each other.\n\n~\u003e **Warning**\nIf DCR was configured out of band, `terraform import` this resource before the first apply. Otherwise Terraform overwrites the live value without a diff; disabling an enabled setting emits a non-blocking warning.\n\n~\u003e **Warning**\n`terraform destroy` resets `dynamic_client_registration_enabled` to `false`, the\ndeployment default. The API has no delete operation for this setting, so the\nvalue cannot be returned to a \"never configured\" state.\n\n-\u003e Omit this resource to leave DCR unmanaged. Only one Terraform configuration should own it.\n\n~\u003e **Warning**\nThis resource is only compatible with Coder version [2.37.0](https://github.com/coder/coder/releases/tag/v2.37.0) and later.\n\n~\u003e **Warning**\nRequires the `oauth2` experiment (`CODER_EXPERIMENTS=oauth2` or `--experiments=oauth2`); `*` does not enable it. Without it, `/api/v2/oauth2-provider/settings` returns `403` (development builds bypass this check).\n","description_kind":"markdown"}},"coderd_organization":{"version":0,"block":{"attributes":{"description":{"type":"string","description_kind":"plain","optional":true,"computed":true},"display_name":{"type":"string","description":"Display name of the organization. Defaults to name.","description_kind":"markdown","optional":true,"computed":true},"icon":{"type":"string","description_kind":"plain","optional":true,"computed":true},"id":{"type":"string","description":"Organization ID","description_kind":"markdown","computed":true},"name":{"type":"string","description":"Name of the organization.","description_kind":"markdown","required":true},"org_sync_idp_groups":{"type":["set","string"],"description":"Claims from the IdP provider that will give users access to this organization.","description_kind":"markdown","optional":true},"workspace_sharing":{"type":"string","description":"Workspace sharing setting for the organization. Valid values are `everyone` and `none`. Requires a Coder Deployment running v2.32.0 or later.","description_kind":"markdown","optional":true,"computed":true}},"block_types":{"group_sync":{"nesting_mode":"single","block":{"attributes":{"auto_create_missing":{"type":"bool","description":"Controls whether groups will be created if they are missing.","description_kind":"markdown","optional":true},"field":{"type":"string","description":"The claim field that specifies what groups a user should be in.","description_kind":"markdown","optional":true},"mapping":{"type":["map",["list","string"]],"description":"A map from OIDC group name to Coder group ID.","description_kind":"markdown","optional":true},"regex_filter":{"type":"string","description":"A regular expression that will be used to filter the groups returned by the OIDC provider. Any group not matched will be ignored.","description_kind":"markdown","optional":true}},"description":"Group sync settings to sync groups from an IdP.\n\n~\u003e **Deprecated** This block is deprecated. Use the `coderd_organization_group_sync` resource instead.","description_kind":"markdown","deprecated":true}},"role_sync":{"nesting_mode":"single","block":{"attributes":{"field":{"type":"string","description":"The claim field that specifies what organization roles a user should be given.","description_kind":"markdown","optional":true},"mapping":{"type":["map",["list","string"]],"description":"A map from OIDC group name to Coder organization role.","description_kind":"markdown","optional":true}},"description":"Role sync settings to sync organization roles from an IdP.","description_kind":"markdown"}}},"description":"An organization on the Coder deployment.\n\n~\u003e **Warning**\nThis resource is only compatible with Coder version [2.16.0](https://github.com/coder/coder/releases/tag/v2.16.0) and later.\n","description_kind":"markdown"}},"coderd_organization_group_sync":{"version":0,"block":{"attributes":{"auto_create_missing":{"type":"bool","description":"Controls whether groups will be created if they are missing. Defaults to false.","description_kind":"markdown","optional":true,"computed":true},"field":{"type":"string","description":"The claim field that specifies what groups a user should be in.","description_kind":"markdown","required":true},"mapping":{"type":["map",["list","string"]],"description":"A map from OIDC group name to Coder group ID.","description_kind":"markdown","required":true},"organization_id":{"type":"string","description":"The ID of the organization to configure group sync for.","description_kind":"markdown","required":true},"regex_filter":{"type":"string","description":"A regular expression that will be used to filter the groups returned by the OIDC provider. Any group not matched will be ignored.","description_kind":"markdown","optional":true}},"description":"Group sync settings for an organization on the Coder deployment. \nMultiple instances of this resource for a single organization will conflict.\n\n~\u003e **Warning**\nThis resource is only compatible with Coder version [2.16.0](https://github.com/coder/coder/releases/tag/v2.16.0) and later.\n","description_kind":"markdown"}},"coderd_organization_sync_settings":{"version":0,"block":{"attributes":{"assign_default":{"type":"bool","description":"When true, every user will be added to the default organization, regardless of claims.","description_kind":"markdown","required":true},"field":{"type":"string","description":"The claim field that specifies what organizations a user should be in.","description_kind":"markdown","required":true},"mapping":{"type":["map",["list","string"]],"description":"A map from OIDC group name to Coder organization ID.","description_kind":"markdown","optional":true}},"description":"IdP sync settings for organizations.\n\nThis resource can only be created once. Attempts to create multiple will fail.\n\n~\u003e **Warning**\nThis resource is only compatible with Coder version [2.19.0](https://github.com/coder/coder/releases/tag/v2.19.0) and later.\n","description_kind":"markdown"}},"coderd_provisioner_key":{"version":0,"block":{"attributes":{"key":{"type":"string","description":"The acquired provisioner key","description_kind":"markdown","computed":true,"sensitive":true},"name":{"type":"string","description":"The name of the key.","description_kind":"markdown","required":true},"organization_id":{"type":"string","description":"The organization that provisioners connected with this key will be connected to.","description_kind":"markdown","required":true},"tags":{"type":["map","string"],"description":"The tags that provisioners connected with this key will accept jobs for.","description_kind":"markdown","optional":true}},"description":"A provisioner key for a Coder deployment.","description_kind":"markdown"}},"coderd_template":{"version":0,"block":{"attributes":{"acl":{"nested_type":{"attributes":{"groups":{"nested_type":{"attributes":{"id":{"type":"string","description_kind":"plain","required":true},"role":{"type":"string","description":"Role assigned to the user or group. Valid roles are `admin` and `use`.","description_kind":"markdown","required":true}},"nesting_mode":"set"},"description_kind":"plain","required":true},"users":{"nested_type":{"attributes":{"id":{"type":"string","description_kind":"plain","required":true},"role":{"type":"string","description":"Role assigned to the user or group. Valid roles are `admin` and `use`.","description_kind":"markdown","required":true}},"nesting_mode":"set"},"description_kind":"plain","required":true}},"nesting_mode":"single"},"description":"(Enterprise) Access control list for the template. If null, ACL policies will not be added, removed, or read by Terraform.","description_kind":"markdown","optional":true},"activity_bump_ms":{"type":"number","description":"The activity bump duration for all workspaces created from this template, in milliseconds. Defaults to one hour.","description_kind":"markdown","optional":true,"computed":true},"agents_allowed":{"type":"bool","description":"Whether Coder Agents can create workspaces from this template. Coder defaults this setting to true. Requires a Coder deployment running v2.37.0 or later.","description_kind":"markdown","optional":true,"computed":true},"allow_user_auto_start":{"type":"bool","description":"(Enterprise) Whether users can auto-start workspaces created from this template. Defaults to true.","description_kind":"markdown","optional":true,"computed":true},"allow_user_auto_stop":{"type":"bool","description":"(Enterprise) Whether users can auto-stop workspaces created from this template. Defaults to true.","description_kind":"markdown","optional":true,"computed":true},"allow_user_cancel_workspace_jobs":{"type":"bool","description":"Whether users can cancel in-progress workspace jobs using this template. Defaults to true.","description_kind":"markdown","optional":true,"computed":true},"auto_start_permitted_days_of_week":{"type":["set","string"],"description":"(Enterprise) List of days of the week in which autostart is allowed to happen, for all workspaces created from this template. Defaults to all days. If no days are specified, autostart is not allowed.","description_kind":"markdown","optional":true,"computed":true},"auto_stop_requirement":{"nested_type":{"attributes":{"days_of_week":{"type":["set","string"],"description":"List of days of the week on which restarts are required. Restarts happen within the user's quiet hours (in their configured timezone). If no days are specified, restarts are not required.","description_kind":"markdown","optional":true,"computed":true},"weeks":{"type":"number","description":"Weeks is the number of weeks between required restarts. Weeks are synced across all workspaces (and Coder deployments) using modulo math on a hardcoded epoch week of January 2nd, 2023 (the first Monday of 2023). Values of 0 or 1 indicate weekly restarts. Values of 2 indicate fortnightly restarts, etc.","description_kind":"markdown","optional":true,"computed":true}},"nesting_mode":"single"},"description":"(Enterprise) The auto-stop requirement for all workspaces created from this template.","description_kind":"markdown","optional":true,"computed":true},"cors_behavior":{"type":"string","description":"The CORS behavior for workspace apps in this template. Valid values are `simple` (default CORS middleware) or `passthru` (bypass CORS middleware). Defaults to `simple`. Requires a Coder deployment running v2.26.0 or later.","description_kind":"markdown","optional":true,"computed":true},"default_ttl_ms":{"type":"number","description":"The default time-to-live for all workspaces created from this template, in milliseconds.","description_kind":"markdown","optional":true,"computed":true},"deprecation_message":{"type":"string","description":"If set, the template will be marked as deprecated with the provided message and users will be blocked from creating new workspaces from it. Does nothing if set when the resource is created.","description_kind":"markdown","optional":true,"computed":true},"description":{"type":"string","description":"A description of the template.","description_kind":"markdown","optional":true,"computed":true},"display_name":{"type":"string","description":"The display name of the template. Defaults to the template name.","description_kind":"markdown","optional":true,"computed":true},"failure_ttl_ms":{"type":"number","description":"(Enterprise) The max lifetime before Coder stops all resources for failed workspaces created from this template, in milliseconds.","description_kind":"markdown","optional":true,"computed":true},"icon":{"type":"string","description":"Relative path or external URL that specifies an icon to be displayed in the dashboard.","description_kind":"markdown","optional":true,"computed":true},"id":{"type":"string","description":"The ID of the template.","description_kind":"markdown","computed":true},"max_port_share_level":{"type":"string","description":"(Enterprise) The maximum port share level for workspaces created from this template. Defaults to `owner` on an Enterprise deployment, or `public` otherwise.","description_kind":"markdown","optional":true,"computed":true},"name":{"type":"string","description":"The name of the template.","description_kind":"markdown","required":true},"organization_id":{"type":"string","description":"The ID of the organization. Defaults to the provider's default organization","description_kind":"markdown","optional":true,"computed":true},"require_active_version":{"type":"bool","description":"(Enterprise) Whether workspaces must be created from the active version of this template. Defaults to false.","description_kind":"markdown","optional":true,"computed":true},"time_til_dormant_autodelete_ms":{"type":"number","description":"(Enterprise) The max lifetime before Coder permanently deletes dormant workspaces created from this template.","description_kind":"markdown","optional":true,"computed":true},"time_til_dormant_ms":{"type":"number","description":"(Enterprise) The max lifetime before Coder locks inactive workspaces created from this template, in milliseconds.","description_kind":"markdown","optional":true,"computed":true},"use_classic_parameter_flow":{"type":"bool","description":"If true, the classic parameter flow will be used when creating workspaces from this template. Defaults to false.","description_kind":"markdown","optional":true,"computed":true},"versions":{"nested_type":{"attributes":{"active":{"type":"bool","description":"Whether this version is the active version of the template. Only one version can be active at a time.","description_kind":"markdown","optional":true,"computed":true},"directory":{"type":"string","description":"A path to the directory to create the template version from. Changes in the directory contents will trigger the creation of a new template version.","description_kind":"markdown","required":true},"directory_hash":{"type":"string","description_kind":"plain","computed":true},"id":{"type":"string","description_kind":"plain","computed":true},"message":{"type":"string","description":"A message describing the changes in this version of the template. Messages longer than 72 characters will be truncated.","description_kind":"markdown","optional":true,"computed":true},"name":{"type":"string","description":"The name of the template version. Automatically generated if not provided. If provided, the name *must* change each time the directory contents, or the `tf_vars` attribute are updated.","description_kind":"markdown","optional":true,"computed":true},"provisioner_tags":{"nested_type":{"attributes":{"name":{"type":"string","description_kind":"plain","required":true},"value":{"type":"string","description_kind":"plain","required":true}},"nesting_mode":"set"},"description":"Provisioner tags for the template version.","description_kind":"markdown","optional":true},"tf_vars":{"nested_type":{"attributes":{"name":{"type":"string","description_kind":"plain","required":true},"value":{"type":"string","description_kind":"plain","required":true}},"nesting_mode":"set"},"description":"Terraform variables for the template version.","description_kind":"markdown","optional":true}},"nesting_mode":"list"},"description":"The template versions to manage. If null, Terraform will not create, update, or read template versions, and will only manage the template's other settings. At least one version (with `active = true`) is required when creating a new template, since Coder templates cannot exist without a version.","description_kind":"markdown","optional":true}},"description":"A Coder template.\n\nLogs from building template versions can be optionally streamed from the provisioner by setting the `TF_LOG` environment variable to `INFO` or higher.","description_kind":"markdown"}},"coderd_user":{"version":0,"block":{"attributes":{"email":{"type":"string","description":"Email address of the user. Required unless `is_service_account` is `true`, in which case it must be omitted (service accounts have no email).","description_kind":"markdown","optional":true,"computed":true},"id":{"type":"string","description":"User ID","description_kind":"markdown","computed":true},"is_service_account":{"type":"bool","description":"Whether the user is a service account. Service accounts are admin-managed accounts that cannot log in interactively: they have no password or email and use `login_type` `none`. Unlike a regular `login_type = none` user, a service account does not consume a licensed user seat. Changing this attribute forces replacement.","description_kind":"markdown","optional":true,"computed":true},"login_type":{"type":"string","description":"Type of login for the user. Valid types are `none`, `password`, `github`, and `oidc`.","description_kind":"markdown","optional":true,"computed":true},"name":{"type":"string","description":"Display name of the user. Defaults to username.","description_kind":"markdown","optional":true,"computed":true},"password":{"type":"string","description":"Password for the user. Required when `login_type` is `password`. Passwords are saved into the state as plain text and should only be used for testing purposes.","description_kind":"markdown","optional":true,"sensitive":true},"roles":{"type":["set","string"],"description":"Roles assigned to the user. Valid roles are `owner`, `template-admin`, `user-admin`, and `auditor`. If `null`, roles will not be managed by Terraform. This attribute must be null if the user is an OIDC user and role sync is configured","description_kind":"markdown","optional":true},"suspended":{"type":"bool","description":"Whether the user is suspended.","description_kind":"markdown","optional":true,"computed":true},"username":{"type":"string","description":"Username of the user.","description_kind":"markdown","required":true}},"description":"A user on the Coder deployment.","description_kind":"markdown"}},"coderd_workspace_proxy":{"version":0,"block":{"attributes":{"display_name":{"type":"string","description":"Display name of the workspace proxy.","description_kind":"markdown","optional":true,"computed":true},"icon":{"type":"string","description":"Relative path or external URL that specifies an icon to be displayed in the dashboard.","description_kind":"markdown","required":true},"id":{"type":"string","description":"Workspace Proxy ID","description_kind":"markdown","computed":true},"name":{"type":"string","description":"Name of the workspace proxy.","description_kind":"markdown","required":true},"session_token":{"type":"string","description":"Session token for the workspace proxy.","description_kind":"markdown","computed":true,"sensitive":true}},"description":"A Workspace Proxy for the Coder deployment.","description_kind":"markdown"}}},"data_source_schemas":{"coderd_group":{"version":0,"block":{"attributes":{"avatar_url":{"type":"string","description_kind":"plain","computed":true},"display_name":{"type":"string","description_kind":"plain","computed":true},"id":{"type":"string","description":"The ID of the group to retrieve. This field will be populated if a name and organization ID is supplied.","description_kind":"markdown","optional":true,"computed":true},"members":{"nested_type":{"attributes":{"created_at":{"type":"number","description":"Unix timestamp of when the member was created.","description_kind":"markdown","computed":true},"email":{"type":"string","description_kind":"plain","computed":true},"id":{"type":"string","description_kind":"plain","computed":true},"last_seen_at":{"type":"number","description":"Unix timestamp of when the member was last seen.","description_kind":"markdown","computed":true},"login_type":{"type":"string","description":"The login type of the member. Can be `oidc`, `token`, `password`, `github` or `none`.","description_kind":"markdown","computed":true},"status":{"type":"string","description":"The status of the member. Can be `active`, `dormant` or `suspended`.","description_kind":"markdown","computed":true},"username":{"type":"string","description_kind":"plain","computed":true}},"nesting_mode":"set"},"description":"Members of the group.","description_kind":"markdown","computed":true},"name":{"type":"string","description":"The name of the group to retrieve. This field will be populated if an ID is supplied.","description_kind":"markdown","optional":true,"computed":true},"organization_id":{"type":"string","description":"The organization ID that the group belongs to. This field will be populated if an ID is supplied. Defaults to the provider default organization ID.","description_kind":"markdown","optional":true,"computed":true},"quota_allowance":{"type":"number","description":"The number of quota credits to allocate to each user in the group.","description_kind":"markdown","computed":true},"source":{"type":"string","description":"The source of the group. Either `oidc` or `user`.","description_kind":"markdown","computed":true}},"description":"An existing group on the Coder deployment.","description_kind":"markdown"}},"coderd_organization":{"version":0,"block":{"attributes":{"created_at":{"type":"number","description":"Unix timestamp when the organization was created.","description_kind":"markdown","computed":true},"id":{"type":"string","description":"The ID of the organization to retrieve. This field will be populated if the organization is found by name, or if the default organization is requested.","description_kind":"markdown","optional":true,"computed":true},"is_default":{"type":"bool","description":"Whether the organization is the default organization of the deployment. This field will be populated if the organization is found by ID or name.","description_kind":"markdown","optional":true,"computed":true},"members":{"type":["set","string"],"description":"Members of the organization, by ID","description_kind":"markdown","computed":true},"name":{"type":"string","description":"The name of the organization to retrieve. This field will be populated if the organization is found by ID, or if the default organization is requested.","description_kind":"markdown","optional":true,"computed":true},"updated_at":{"type":"number","description":"Unix timestamp when the organization was last updated.","description_kind":"markdown","computed":true},"workspace_sharing":{"type":"string","description":"Workspace sharing setting for the organization. Valid values are `everyone` and `none`.","description_kind":"markdown","computed":true}},"description":"An existing organization on the Coder deployment.\n\n~\u003e **Warning**\nThis data source is only compatible with Coder version [2.13.0](https://github.com/coder/coder/releases/tag/v2.13.0) and later.\n","description_kind":"markdown"}},"coderd_template":{"version":0,"block":{"attributes":{"acl":{"nested_type":{"attributes":{"groups":{"nested_type":{"attributes":{"id":{"type":"string","description_kind":"plain","computed":true},"role":{"type":"string","description":"Role assigned to the user or group. Valid roles are `admin` and `use`.","description_kind":"markdown","computed":true}},"nesting_mode":"set"},"description_kind":"plain","computed":true},"users":{"nested_type":{"attributes":{"id":{"type":"string","description_kind":"plain","computed":true},"role":{"type":"string","description":"Role assigned to the user or group. Valid roles are `admin` and `use`.","description_kind":"markdown","computed":true}},"nesting_mode":"set"},"description_kind":"plain","computed":true}},"nesting_mode":"single"},"description":"(Enterprise) Access control list for the template.","description_kind":"markdown","computed":true},"active_user_count":{"type":"number","description":"Number of active users using the template.","description_kind":"markdown","computed":true},"active_version_id":{"type":"string","description":"ID of the active version of the template.","description_kind":"markdown","computed":true},"activity_bump_ms":{"type":"number","description":"Duration to bump the deadline of a workspace when it receives activity.","description_kind":"markdown","computed":true},"agents_allowed":{"type":"bool","description":"Whether Coder Agents can create workspaces from the template. Requires a Coder deployment running v2.37.0 or later.","description_kind":"markdown","computed":true},"allow_user_autostart":{"type":"bool","description":"Whether users can autostart workspaces created from the template.","description_kind":"markdown","computed":true},"allow_user_autostop":{"type":"bool","description":"Whether users can customize autostop behavior for workspaces created from the template.","description_kind":"markdown","computed":true},"allow_user_cancel_workspace_jobs":{"type":"bool","description":"Whether users can cancel jobs in workspaces created from the template.","description_kind":"markdown","computed":true},"auto_start_permitted_days_of_week":{"type":["set","string"],"description":"List of days of the week in which autostart is allowed to happen, for all workspaces created from this template. Defaults to all days. If no days are specified, autostart is not allowed.","description_kind":"markdown","computed":true},"auto_stop_requirement":{"nested_type":{"attributes":{"days_of_week":{"type":["set","string"],"description":"List of days of the week on which restarts are required. Restarts happen within the user's quiet hours (in their configured timezone). If no days are specified, restarts are not required.","description_kind":"markdown","computed":true},"weeks":{"type":"number","description":"Weeks is the number of weeks between required restarts. Weeks are synced across all workspaces (and Coder deployments) using modulo math on a hardcoded epoch week of January 2nd, 2023 (the first Monday of 2023). Values of 0 or 1 indicate weekly restarts. Values of 2 indicate fortnightly restarts, etc.","description_kind":"markdown","optional":true,"computed":true}},"nesting_mode":"single"},"description":"The auto-stop requirement for all workspaces created from this template.","description_kind":"markdown","computed":true},"cors_behavior":{"type":"string","description":"The CORS behavior for workspace apps in this template. Requires a Coder deployment running v2.26.0 or later.","description_kind":"markdown","computed":true},"created_at":{"type":"number","description":"Unix timestamp of when the template was created.","description_kind":"markdown","computed":true},"created_by_user_id":{"type":"string","description":"ID of the user who created the template.","description_kind":"markdown","computed":true},"default_ttl_ms":{"type":"number","description":"Default time-to-live for workspaces created from the template.","description_kind":"markdown","computed":true},"deprecated":{"type":"bool","description":"Whether the template is deprecated.","description_kind":"markdown","computed":true},"deprecation_message":{"type":"string","description":"Message to display when the template is deprecated.","description_kind":"markdown","computed":true},"description":{"type":"string","description":"Description of the template.","description_kind":"markdown","computed":true},"display_name":{"type":"string","description":"Display name of the template.","description_kind":"markdown","computed":true},"failure_ttl_ms":{"type":"number","description":"Automatic cleanup TTL for failed workspace builds.","description_kind":"markdown","computed":true},"icon":{"type":"string","description":"URL of the template's icon.","description_kind":"markdown","computed":true},"id":{"type":"string","description":"The ID of the template to retrieve. This field will be populated if a template name is supplied.","description_kind":"markdown","optional":true,"computed":true},"max_port_share_level":{"type":"string","description":"The maximum port share level for workspaces created from the template.","description_kind":"markdown","computed":true},"name":{"type":"string","description":"The name of the template to retrieve. This field will be populated if an ID is supplied.","description_kind":"markdown","optional":true,"computed":true},"organization_id":{"type":"string","description":"ID of the organization the template is associated with. This field will be populated if an ID is supplied. Defaults to the provider default organization ID.","description_kind":"markdown","optional":true,"computed":true},"require_active_version":{"type":"bool","description":"Whether workspaces created from the template must be up-to-date on the latest active version.","description_kind":"markdown","computed":true},"time_til_dormant_autodelete_ms":{"type":"number","description":"Duration of inactivity after the workspace becomes dormant before a workspace is automatically deleted.","description_kind":"markdown","computed":true},"time_til_dormant_ms":{"type":"number","description":"Duration of inactivity before a workspace is considered dormant.","description_kind":"markdown","computed":true},"updated_at":{"type":"number","description":"Unix timestamp of when the template was last updated.","description_kind":"markdown","computed":true}},"description":"An existing template on the Coder deployment.","description_kind":"markdown"}},"coderd_user":{"version":0,"block":{"attributes":{"avatar_url":{"type":"string","description":"URL of the user's avatar.","description_kind":"markdown","computed":true},"created_at":{"type":"number","description":"Unix timestamp of when the user was created.","description_kind":"markdown","computed":true},"email":{"type":"string","description":"The email of the user to retrieve. Looking up users by email requires permission to list users. This field will be populated if an ID or username is supplied.","description_kind":"markdown","optional":true,"computed":true},"id":{"type":"string","description":"The ID of the user to retrieve. This field will be populated if a username or email is supplied.","description_kind":"markdown","optional":true},"is_service_account":{"type":"bool","description":"Whether the user is a service account: an admin-managed account that cannot log in interactively and does not consume a licensed user seat.","description_kind":"markdown","computed":true},"last_seen_at":{"type":"number","description":"Unix timestamp of when the user was last seen.","description_kind":"markdown","computed":true},"login_type":{"type":"string","description":"Type of login for the user. Valid types are `none`, `password', `github`, and `oidc`.","description_kind":"markdown","computed":true},"name":{"type":"string","description":"Display name of the user.","description_kind":"markdown","computed":true},"organization_ids":{"type":["set","string"],"description":"IDs of organizations the user is associated with.","description_kind":"markdown","computed":true},"roles":{"type":["set","string"],"description":"Roles assigned to the user. Valid roles are `owner`, `template-admin`, `user-admin`, and `auditor`.","description_kind":"markdown","computed":true},"suspended":{"type":"bool","description":"Whether the user is suspended.","description_kind":"markdown","computed":true},"username":{"type":"string","description":"The username of the user to retrieve. This field will be populated if an ID or email is supplied.","description_kind":"markdown","optional":true}},"description":"An existing user on the Coder deployment","description_kind":"markdown"}}}}}}
